<Solution>
  <Folder Name="/src/">
    <Project Path="src/STFormat.Cli/STFormat.Cli.csproj" />
    <Project Path="src/STFormat.Core/STFormat.Core.csproj" />
    <Project Path="src/STFormat.Gui/STFormat.Gui.csproj" />
  </Folder>
  <Folder Name="/tests/">
    <Project Path="tests/STFormat.Tests/STFormat.Tests.csproj" />
  </Folder>
</Solution>
